# This file is generated by running "yarn install" inside your project.
# Manual changes might be lost - proceed with caution!

__metadata:
  version: 7
  cacheKey: 9

"@eslint-community/eslint-utils@npm:^4.2.0":
  version: 4.4.0
  resolution: "@eslint-community/eslint-utils@npm:4.4.0"
  dependencies:
    eslint-visitor-keys: "npm:^3.3.0"
  peerDependencies:
    eslint: ^6.0.0 || ^7.0.0 || >=8.0.0
  checksum: b9d700a83a743f2e152b4038d02a4bf807bc7363d59efeafec93b9498e59a3aa4d2604d206c213b91966416d628f33d88a4b773b8ff0d384b44353e8072ba922
  languageName: node
  linkType: hard

"@eslint-community/regexpp@npm:^4.4.0":
  version: 4.5.1
  resolution: "@eslint-community/regexpp@npm:4.5.1"
  checksum: 3668342e1f924549f8c406bb062118a4b8e94afcc3f2161b600df411d2e270fa6428a6847945f3aaa5a1d540c070489e8104899f176866872ed6d1220c511296
  languageName: node
  linkType: hard

"@eslint/eslintrc@npm:^2.0.3":
  version: 2.0.3
  resolution: "@eslint/eslintrc@npm:2.0.3"
  dependencies:
    ajv: "npm:^6.12.4"
    debug: "npm:^4.3.2"
    espree: "npm:^9.5.2"
    globals: "npm:^13.19.0"
    ignore: "npm:^5.2.0"
    import-fresh: "npm:^3.2.1"
    js-yaml: "npm:^4.1.0"
    minimatch: "npm:^3.1.2"
    strip-json-comments: "npm:^3.1.1"
  checksum: 41c404e8cbca6e0717bce15425f15d34514c38ebcef5daf99467d405733bae73908227feea4d04edc64906e89cc53f30391c31864a5e51b3d3838a05a3a97356
  languageName: node
  linkType: hard

"@eslint/js@npm:8.42.0":
  version: 8.42.0
  resolution: "@eslint/js@npm:8.42.0"
  checksum: 3d9e3276394de4945481164c88820cf873ea85c015d0ec0f96cdc89c9f59b546462dd018e425a96f4071c17e7d5aaafff32c95420b738bce7b9829345eebae20
  languageName: node
  linkType: hard

"@humanwhocodes/config-array@npm:^0.11.10":
  version: 0.11.10
  resolution: "@humanwhocodes/config-array@npm:0.11.10"
  dependencies:
    "@humanwhocodes/object-schema": "npm:^1.2.1"
    debug: "npm:^4.1.1"
    minimatch: "npm:^3.0.5"
  checksum: d8b3afa90dc46f4cbad48dd54e9bb39918a01fbfb16cc931fb55db8c967c1575fc21d4a5f8055f4728697246eafafc95e23c97370ff30ada621f4b581bed3f9d
  languageName: node
  linkType: hard

"@humanwhocodes/module-importer@npm:^1.0.1":
  version: 1.0.1
  resolution: "@humanwhocodes/module-importer@npm:1.0.1"
  checksum: 5127055802733906004cf372457fadd0f3d800cfdd3dd39d2291e06f5c44ccc47daa2f22b9f483409f15b0a9ff5e1646deb5570ff43e08ef021f865e42b74608
  languageName: node
  linkType: hard

"@humanwhocodes/object-schema@npm:^1.2.1":
  version: 1.2.1
  resolution: "@humanwhocodes/object-schema@npm:1.2.1"
  checksum: c860f96faaaaecd6c5c4ee6912f7c761579031b464c3cf55832e59e18b116968d89b570ef6a9a10b1670a67e7998a530c8c549b4a41b118153340772ad10cea9
  languageName: node
  linkType: hard

"@nodelib/fs.scandir@npm:2.1.5":
  version: 2.1.5
  resolution: "@nodelib/fs.scandir@npm:2.1.5"
  dependencies:
    "@nodelib/fs.stat": "npm:2.0.5"
    run-parallel: "npm:^1.1.9"
  checksum: 5f309a3b375738e97d4f3cf73ace218690d5a1cfdf98202c6b46bfda61f4317e0e0036c81b040b147e7d1632c7da2e2462e47660de428917cacaebfa2a0a20c7
  languageName: node
  linkType: hard

"@nodelib/fs.stat@npm:2.0.5":
  version: 2.0.5
  resolution: "@nodelib/fs.stat@npm:2.0.5"
  checksum: 594d04bcf578d15af65b510dbd9c0dc2458d2a7ef1b403924f22f64d397e965efa8c6854b3fee3395244ae642e28d896ab9d04c5ee5c46ef4fda1d48eaaef19c
  languageName: node
  linkType: hard

"@nodelib/fs.walk@npm:^1.2.8":
  version: 1.2.8
  resolution: "@nodelib/fs.walk@npm:1.2.8"
  dependencies:
    "@nodelib/fs.scandir": "npm:2.1.5"
    fastq: "npm:^1.6.0"
  checksum: 3542284aa2d6e313cfd4ae40a2502b53e1f35da6f4f9890422aad018c04866f6bfb96c4105e23dbd9fb93cfc630cc607777df658a3a525d63a3bfb9bcb2b0f21
  languageName: node
  linkType: hard

"acorn-jsx@npm:^5.3.2":
  version: 5.3.2
  resolution: "acorn-jsx@npm:5.3.2"
  peerDependencies:
    acorn: ^6.0.0 || ^7.0.0 || ^8.0.0
  checksum: 868f313daf8fcab419af9bbde57a739f127bf926856c7d3f2eb7d0d5153a0658331bfe3fd4d185687447538ef4154317e003ca25a9cf5cb4eb69c956740caee8
  languageName: node
  linkType: hard

"acorn@npm:^8.8.0":
  version: 8.8.2
  resolution: "acorn@npm:8.8.2"
  bin:
    acorn: bin/acorn
  checksum: 5a47325f0aa08202080cb167d5b8103720d8a1d199f57988afa48bdfbc3c9973270b00e38c2c874240a49929625beaaae8c4ec683f5272b5f07f1119a457e5d0
  languageName: node
  linkType: hard

"ajv@npm:^6.10.0, ajv@npm:^6.12.4":
  version: 6.12.6
  resolution: "ajv@npm:6.12.6"
  dependencies:
    fast-deep-equal: "npm:^3.1.1"
    fast-json-stable-stringify: "npm:^2.0.0"
    json-schema-traverse: "npm:^0.4.1"
    uri-js: "npm:^4.2.2"
  checksum: c8b4c5eb679d58b3b145c914cb328b49622ead05aecd2c8da490809d542d0796d558602a7988745214eff2a7642dcca784f909414cb746d7235a97a3f89fecee
  languageName: node
  linkType: hard

"ansi-regex@npm:^5.0.1":
  version: 5.0.1
  resolution: "ansi-regex@npm:5.0.1"
  checksum: 627f94ee7fcc5e03186646ebd11ca2ccd954f3cb48fc6a3f42883db6bbf3df5dfba06d62647b2f72c975349fc072c5c44808b7da26d08a9313a7f304acda2efb
  languageName: node
  linkType: hard

"ansi-styles@npm:^4.1.0":
  version: 4.3.0
  resolution: "ansi-styles@npm:4.3.0"
  dependencies:
    color-convert: "npm:^2.0.1"
  checksum: d15dab617b78cbc96f10016e929e921ad73695753de4e45a911ecee6e29aa45c71d58f1ffaf8e49889dbe726dbdb2bbe5b4e3a7bf1c517f8740ae83a29b7df25
  languageName: node
  linkType: hard

"argparse@npm:^2.0.1":
  version: 2.0.1
  resolution: "argparse@npm:2.0.1"
  checksum: e041432563aadcf1267e543c472a756aaf57bb020ee5280093fe3c59fdde30d8b434c8d3c83614610550572acd18198395e2c20a38b3041a400dfe551320e0fb
  languageName: node
  linkType: hard

"balanced-match@npm:^1.0.0":
  version: 1.0.2
  resolution: "balanced-match@npm:1.0.2"
  checksum: 9ca7fca1845f06edbd8478e209a2e8eed5bb148a021719e77affeaf0c61e45af20279e4540a9f11942acc27c078fc132ff0ebc9c16a403033cff5af3d8199f40
  languageName: node
  linkType: hard

"brace-expansion@npm:^1.1.7":
  version: 1.1.11
  resolution: "brace-expansion@npm:1.1.11"
  dependencies:
    balanced-match: "npm:^1.0.0"
    concat-map: "npm:0.0.1"
  checksum: 5ecc6da29cd3b4d49a832fd8e48f3a8b6ac058f82fe778eb6751ed30a206c5ec5171f6f632aa1946ffb4f8151136740803f620b15edca8437a9348cbb21a8ba8
  languageName: node
  linkType: hard

"callsites@npm:^3.0.0":
  version: 3.1.0
  resolution: "callsites@npm:3.1.0"
  checksum: a0672a95746fb1be281d90ceedafb6584dd7c33e85bb9987d6caad53ac6eb313874fc2045230e8e08ef076e4aaa899342d99bd9c47bb1dd4f6a2740b62482ca2
  languageName: node
  linkType: hard

"chalk@npm:^4.0.0":
  version: 4.1.2
  resolution: "chalk@npm:4.1.2"
  dependencies:
    ansi-styles: "npm:^4.1.0"
    supports-color: "npm:^7.1.0"
  checksum: cb96ab47eb1b55525e72caac9eed1513bff28e686df7eee6b04379c80922df21c8283d9938af16a645826c94c9e19fb52ad63cbead6b5073d08ae5f8fa2661a2
  languageName: node
  linkType: hard

"color-convert@npm:^2.0.1":
  version: 2.0.1
  resolution: "color-convert@npm:2.0.1"
  dependencies:
    color-name: "npm:~1.1.4"
  checksum: bf4d19d12621eae71a531e5b977f46717b15e0d3253f25790f5779b7577124e4d9c4597df05cee79e8f8e8fc14add04e738a659ee4336ee0cc5587ebc3c602e7
  languageName: node
  linkType: hard

"color-name@npm:~1.1.4":
  version: 1.1.4
  resolution: "color-name@npm:1.1.4"
  checksum: 80acf64638343898f5b36825f4c9715ced380e738400b308f3f90ca2327f2f98f0c2cfb1f1a6447f267a2e1d1ea2214f26e948d8acab547e5478e2b0816c7c30
  languageName: node
  linkType: hard

"concat-map@npm:0.0.1":
  version: 0.0.1
  resolution: "concat-map@npm:0.0.1"
  checksum: 88222f18b3a68b71fe4473a146c8ed3315ec0488703104319c53543ad4668af3e79418ab79e2fa8032ee04c3eb45cc478815b89877a048cc5ba34e201bc15c35
  languageName: node
  linkType: hard

"cross-spawn@npm:^7.0.2":
  version: 7.0.3
  resolution: "cross-spawn@npm:7.0.3"
  dependencies:
    path-key: "npm:^3.1.0"
    shebang-command: "npm:^2.0.0"
    which: "npm:^2.0.1"
  checksum: 37ec685f91f04d4719892f305fa6f632aae256df7f2f3f98d5c36f2197651ad7b77851aaa2d397d19a9555f0fb89fa18f9bb3ff4b440535cc0fb4fe0a72004b9
  languageName: node
  linkType: hard

"debug@npm:^4.1.1, debug@npm:^4.3.2":
  version: 4.3.4
  resolution: "debug@npm:4.3.4"
  dependencies:
    ms: "npm:2.1.2"
  peerDependenciesMeta:
    supports-color:
      optional: true
  checksum: ab50d98b6f2a0e803379e8f789017f4215efd0e085774623e462c691e9f99bfd359a35f7424ff401da3ea58b31f89ceebc9ea35779b4a94f78b0ee3e235b6640
  languageName: node
  linkType: hard

"deep-is@npm:^0.1.3":
  version: 0.1.4
  resolution: "deep-is@npm:0.1.4"
  checksum: dfee7fc148cb00508a2a4af815144cce85a86ec7a5f658525bf6929095baeef7782c166504a0dc3b18872a1f53e27521de3d308a575c6d8063516815fc553a59
  languageName: node
  linkType: hard

"doctrine@npm:^3.0.0":
  version: 3.0.0
  resolution: "doctrine@npm:3.0.0"
  dependencies:
    esutils: "npm:^2.0.2"
  checksum: 6b38a63fa66847d80e130bb85c83c173b1050037fffac3d5f740c8c691243d5b6fadc5ec502ae8297c474680d879eb24ad8ec7f901673704fe40c8dedc1bee62
  languageName: node
  linkType: hard

"escape-string-regexp@npm:^4.0.0":
  version: 4.0.0
  resolution: "escape-string-regexp@npm:4.0.0"
  checksum: 09f81f2e5eb8d6108ea2fe366eb3041b8bc35381c95c7b7e38f0eb64825a3967618bb0840b7a9e950457d9b4c0a6e758b69374fb7906d939a67018d6c53e8cbe
  languageName: node
  linkType: hard

"eslint-scope@npm:^7.2.0":
  version: 7.2.0
  resolution: "eslint-scope@npm:7.2.0"
  dependencies:
    esrecurse: "npm:^4.3.0"
    estraverse: "npm:^5.2.0"
  checksum: a68b86c2ab4bd4605f3d1f08007c9dcffebaffe80e12a5afe31ffe4350933d10a1b26b679851d5fbc931ffc59f4afab1778d44ac74ca05c0aa4e591acf403859
  languageName: node
  linkType: hard

"eslint-visitor-keys@npm:^3.3.0, eslint-visitor-keys@npm:^3.4.1":
  version: 3.4.1
  resolution: "eslint-visitor-keys@npm:3.4.1"
  checksum: 97db79746bfe11a3ab0e60ce454cd809e7ac167ddd7d28736845ba57b8402d6b5d6c10fed2decf8c4026f7d3d659ebc024336ef30fdf473f0402bb1237c6a410
  languageName: node
  linkType: hard

"eslint@npm:^8.34.0":
  version: 8.42.0
  resolution: "eslint@npm:8.42.0"
  dependencies:
    "@eslint-community/eslint-utils": "npm:^4.2.0"
    "@eslint-community/regexpp": "npm:^4.4.0"
    "@eslint/eslintrc": "npm:^2.0.3"
    "@eslint/js": "npm:8.42.0"
    "@humanwhocodes/config-array": "npm:^0.11.10"
    "@humanwhocodes/module-importer": "npm:^1.0.1"
    "@nodelib/fs.walk": "npm:^1.2.8"
    ajv: "npm:^6.10.0"
    chalk: "npm:^4.0.0"
    cross-spawn: "npm:^7.0.2"
    debug: "npm:^4.3.2"
    doctrine: "npm:^3.0.0"
    escape-string-regexp: "npm:^4.0.0"
    eslint-scope: "npm:^7.2.0"
    eslint-visitor-keys: "npm:^3.4.1"
    espree: "npm:^9.5.2"
    esquery: "npm:^1.4.2"
    esutils: "npm:^2.0.2"
    fast-deep-equal: "npm:^3.1.3"
    file-entry-cache: "npm:^6.0.1"
    find-up: "npm:^5.0.0"
    glob-parent: "npm:^6.0.2"
    globals: "npm:^13.19.0"
    graphemer: "npm:^1.4.0"
    ignore: "npm:^5.2.0"
    import-fresh: "npm:^3.0.0"
    imurmurhash: "npm:^0.1.4"
    is-glob: "npm:^4.0.0"
    is-path-inside: "npm:^3.0.3"
    js-yaml: "npm:^4.1.0"
    json-stable-stringify-without-jsonify: "npm:^1.0.1"
    levn: "npm:^0.4.1"
    lodash.merge: "npm:^4.6.2"
    minimatch: "npm:^3.1.2"
    natural-compare: "npm:^1.4.0"
    optionator: "npm:^0.9.1"
    strip-ansi: "npm:^6.0.1"
    strip-json-comments: "npm:^3.1.0"
    text-table: "npm:^0.2.0"
  bin:
    eslint: bin/eslint.js
  checksum: 1fd613026fd7d8f448e919def158ca92295ed85c28712e318be4fe82758beb7659a31aff3c5047c564dbb3f48ec129184210634a287335bcb189bb3b6fc755a1
  languageName: node
  linkType: hard

"espree@npm:^9.5.2":
  version: 9.5.2
  resolution: "espree@npm:9.5.2"
  dependencies:
    acorn: "npm:^8.8.0"
    acorn-jsx: "npm:^5.3.2"
    eslint-visitor-keys: "npm:^3.4.1"
  checksum: 05c52faae1e5c72ba3ab639d06937a0570d64946d9062762cac1918c70921f67a17e1370a3503af1eb9ff27f36f9c1932389fcc810a98e9ee9887597d07911e5
  languageName: node
  linkType: hard

"esquery@npm:^1.4.2":
  version: 1.5.0
  resolution: "esquery@npm:1.5.0"
  dependencies:
    estraverse: "npm:^5.1.0"
  checksum: 4bde95396273b2960a330c296e921d88b7d3fb5c9cbc84a1e29cf75664c318b194b1a8b46f507fce30222a68b64527f70e09bdd5863e14248fa2f6da5e78fdfd
  languageName: node
  linkType: hard

"esrecurse@npm:^4.3.0":
  version: 4.3.0
  resolution: "esrecurse@npm:4.3.0"
  dependencies:
    estraverse: "npm:^5.2.0"
  checksum: c28c10e80803687b81ccbe90b9b66d9b21144a27f672208970ebfd306d7f2f2ee2827754b2effb771c35de48455de944c434f2fcf3c5d7da27956a5f69464a5a
  languageName: node
  linkType: hard

"estraverse@npm:^5.1.0, estraverse@npm:^5.2.0":
  version: 5.3.0
  resolution: "estraverse@npm:5.3.0"
  checksum: 4db420d3f0291d3c42e3700aee2986ec1ca8384224236da9441e67555c8af181fe5f883b0b312021ed475f0c138282066b0f5cb2240ee4a0c2ec5142274162d1
  languageName: node
  linkType: hard

"esutils@npm:^2.0.2":
  version: 2.0.3
  resolution: "esutils@npm:2.0.3"
  checksum: 179e017b58d3c0c3ecbe5f6d27abf26cdde45cea702c037bc80a74e32b28ab20d7a03820c002c3f7202706fb6baff40bba1a1e0843ec4e8eba6062ab9f976c70
  languageName: node
  linkType: hard

"fast-deep-equal@npm:^3.1.1, fast-deep-equal@npm:^3.1.3":
  version: 3.1.3
  resolution: "fast-deep-equal@npm:3.1.3"
  checksum: 5f83fabf1f0bac0df5117e881ee15756dc8a9ee48c8020ed63cb84a7935d78c338dc0982b3b7b6ad0792905f5ef0c35293db9cae2f3208a6f09071c43887a02f
  languageName: node
  linkType: hard

"fast-json-stable-stringify@npm:^2.0.0":
  version: 2.1.0
  resolution: "fast-json-stable-stringify@npm:2.1.0"
  checksum: cc64810b004155f5ac29b208ebd5c862599a1a8aef3c4d27a34dfb694db7797e121dceda183507ec4a2a5413d9cb59521fd2540d0d00a5589ee6ea6bfac3c12e
  languageName: node
  linkType: hard

"fast-levenshtein@npm:^2.0.6":
  version: 2.0.6
  resolution: "fast-levenshtein@npm:2.0.6"
  checksum: 7814143d0352153a7a51ebd9b21341bf1732b9599ec592a398ab5e4584b516aeb5008834ba2a46502253c221b33dad7dddc93ce3f5054acd09218cce1710c81b
  languageName: node
  linkType: hard

"fastq@npm:^1.6.0":
  version: 1.15.0
  resolution: "fastq@npm:1.15.0"
  dependencies:
    reusify: "npm:^1.0.4"
  checksum: 9c256d4b1c55c2a494ef198632ad19b801f98fb05b804c761c8c733da58b8f63888fdfe5e4c8ec7144f369135b71f23da1457e71b3aebaa943d2d5337bb86262
  languageName: node
  linkType: hard

"file-entry-cache@npm:^6.0.1":
  version: 6.0.1
  resolution: "file-entry-cache@npm:6.0.1"
  dependencies:
    flat-cache: "npm:^3.0.4"
  checksum: cac7f7775980e696eceb922313887c03204eaea3659e0cd5b9f83ef29c7e5c613a6aa7662a3e9d0f78cf68060b093b82572e554f5464c0b2f626db32ef969cdc
  languageName: node
  linkType: hard

"find-up@npm:^5.0.0":
  version: 5.0.0
  resolution: "find-up@npm:5.0.0"
  dependencies:
    locate-path: "npm:^6.0.0"
    path-exists: "npm:^4.0.0"
  checksum: 4d6f51423a974f370ce34dd00982d764e160121e4d823f46b2b79b180a34c0a23a1d09aa83851f0d1a78226be8281100ef3b4cd6990b226ed961acfa2be4a36c
  languageName: node
  linkType: hard

"flat-cache@npm:^3.0.4":
  version: 3.0.4
  resolution: "flat-cache@npm:3.0.4"
  dependencies:
    flatted: "npm:^3.1.0"
    rimraf: "npm:^3.0.2"
  checksum: 0a97f11128bd044884981fc0cb381abe69dc3779dc6fdcbffc53d0739fecc580d0f082b6adaeff5e766822dd0d701cb274fbd8afdedddb6b5bc1829cf148b995
  languageName: node
  linkType: hard

"flatted@npm:^3.1.0":
  version: 3.2.7
  resolution: "flatted@npm:3.2.7"
  checksum: d57a559a56f8743f48067b992e70f222921bec6656de4617ee60dab5e531c2aeba67ace287965b759cca80fa0d3f0c7ffc39341ccc9bc874594f4b73c0fea48c
  languageName: node
  linkType: hard

"fs.realpath@npm:^1.0.0":
  version: 1.0.0
  resolution: "fs.realpath@npm:1.0.0"
  checksum: 477fb3547134ce67d71531a19b2597028d2efaeced56a2fcb125ba9994a4204685d256795e4a5b68e5d866d11d8d0dd9050937cb44037beb4caeb3acb75602e2
  languageName: node
  linkType: hard

"glob-parent@npm:^6.0.2":
  version: 6.0.2
  resolution: "glob-parent@npm:6.0.2"
  dependencies:
    is-glob: "npm:^4.0.3"
  checksum: 2a27dfeda346942417ffc7ae85483048b277f275d595a760e51cd276475214b79896a2dad0e461bb4ae515f223439197634d183ff34a3be98c4c2b1cc6de8248
  languageName: node
  linkType: hard

"glob@npm:^7.1.3":
  version: 7.2.3
  resolution: "glob@npm:7.2.3"
  dependencies:
    fs.realpath: "npm:^1.0.0"
    inflight: "npm:^1.0.4"
    inherits: "npm:2"
    minimatch: "npm:^3.1.1"
    once: "npm:^1.3.0"
    path-is-absolute: "npm:^1.0.0"
  checksum: c55966a5db7ed2f30976a1490f3165f9d4e20ac7cabf01b55da4cc4f8f53a4c506e6f427e469c2fbf68636200871f3acf07e159ba6d9b65e7386216b98474a34
  languageName: node
  linkType: hard

"globals@npm:^13.19.0":
  version: 13.20.0
  resolution: "globals@npm:13.20.0"
  dependencies:
    type-fest: "npm:^0.20.2"
  checksum: 1ba80ad03f29b8ca83b066c9d9ae305e7f0ee46164de36efac286fc3a58efc48986d688bf1f427f164f2a65bb1bdfa53beb8c56ae3092be255fc097bdcab1f1a
  languageName: node
  linkType: hard

"graphemer@npm:^1.4.0":
  version: 1.4.0
  resolution: "graphemer@npm:1.4.0"
  checksum: a4ee139533e1d1683edb24eaf3e598451e7f1577da3dfc68f247f0601d5d11d264d0ccfad3de3bfcabbed891140fbae84c0403b9d68f4fcb6431c418f971434e
  languageName: node
  linkType: hard

"has-flag@npm:^4.0.0":
  version: 4.0.0
  resolution: "has-flag@npm:4.0.0"
  checksum: 71f182c441adda71ea3014dec578691a9d74356dd57c238fb2fc88247a94ca10892fe307cda0eb608b91f982d7da34aa2e46f763c4449351dedac26a0493e591
  languageName: node
  linkType: hard

"ignore@npm:^5.2.0":
  version: 5.2.4
  resolution: "ignore@npm:5.2.4"
  checksum: 55c58d848bb753a2b7e0b4a19352f9212eae2e4a05e4a12753e90b921108a6caa140adf958a5084b144bedd886b44e3bc93f6b4839e5aba1fb4a72c6625da4c1
  languageName: node
  linkType: hard

"import-fresh@npm:^3.0.0, import-fresh@npm:^3.2.1":
  version: 3.3.0
  resolution: "import-fresh@npm:3.3.0"
  dependencies:
    parent-module: "npm:^1.0.0"
    resolve-from: "npm:^4.0.0"
  checksum: 81ec300d4d16df0ba4f4ed99f4c7e8f312c4c6f48c100afe801deae468479cb8d8209a7c71a943b3e6def4fa0c24ad3eac34e72cb4968424930df39e8d16e9c9
  languageName: node
  linkType: hard

"imurmurhash@npm:^0.1.4":
  version: 0.1.4
  resolution: "imurmurhash@npm:0.1.4"
  checksum: 6e2473e6083063b9f5f21a9586794b3af5b3f87995bcf60cb64f3824a7323c2ae41b4eaf3d7446e20fb66b5f3410094246aa3c52db7585270c8b10f762b8ffa1
  languageName: node
  linkType: hard

"inflight@npm:^1.0.4":
  version: 1.0.6
  resolution: "inflight@npm:1.0.6"
  dependencies:
    once: "npm:^1.3.0"
    wrappy: "npm:1"
  checksum: 40d0e5db34e05d49b9ad9ac678334269745644f73206862a8dee6e50ada1c8b3e70774ce28d5e6e3b03b7b868c9d9ae1edaf6eff253fc50209e4c69decad1811
  languageName: node
  linkType: hard

"inherits@npm:2":
  version: 2.0.4
  resolution: "inherits@npm:2.0.4"
  checksum: ca76c7e45ec715bfe6c1dd67b780b9a15068f37b37ab56cf8b773537b2654238469a42950f5f4d301212755e7512be888f627752e778e1863d95cfedefc8b8bd
  languageName: node
  linkType: hard

"is-extglob@npm:^2.1.1":
  version: 2.1.1
  resolution: "is-extglob@npm:2.1.1"
  checksum: 226b9f6eee1e7da52f72c98ed4ea7fc71ee3a087b6d1c62655c9a81c601caa2fd98b9f9be42fb8163eef2720cdbf046bc7c5548a76755651e540f4b08ff3b120
  languageName: node
  linkType: hard

"is-glob@npm:^4.0.0, is-glob@npm:^4.0.3":
  version: 4.0.3
  resolution: "is-glob@npm:4.0.3"
  dependencies:
    is-extglob: "npm:^2.1.1"
  checksum: 0b2f6c06162a1d6c764b2f1cf0f2617b6e0cb1e8125c0e3b7e838a3e06caac81268ab3c0a4699052df59229c99e8a1dd0217b30476d7643a37fa17a49f1b50af
  languageName: node
  linkType: hard

"is-path-inside@npm:^3.0.3":
  version: 3.0.3
  resolution: "is-path-inside@npm:3.0.3"
  checksum: ca3976bb491e562794ba9d1884d8679e08a68fbc68bdefabbed393bdb3fefd66958c0b8d166ca6c4b502a5283bcd0bede7a2b223bf740e406db6dcffddc833a5
  languageName: node
  linkType: hard

"isexe@npm:^2.0.0":
  version: 2.0.0
  resolution: "isexe@npm:2.0.0"
  checksum: b37fe0a7983c0c151c7b31ca716405aaea190ac9cd6ef3f79355f4afb043ed4d3182a6addd73b20df7a0b229269737ad0daf64116821a048bfbe6b8fb7eb842c
  languageName: node
  linkType: hard

"js-yaml@npm:^4.1.0":
  version: 4.1.0
  resolution: "js-yaml@npm:4.1.0"
  dependencies:
    argparse: "npm:^2.0.1"
  bin:
    js-yaml: bin/js-yaml.js
  checksum: 03ab64a1008a68bb534a223f855c1dd595c0fc6b2800517f555803ed6e96c1cd365e19088ae46a466329a7b77b1e7951589db76a6ea2d525374a4167f69ac776
  languageName: node
  linkType: hard

"json-schema-traverse@npm:^0.4.1":
  version: 0.4.1
  resolution: "json-schema-traverse@npm:0.4.1"
  checksum: 4c9b10ebd277b894fa66f7130ffcf6b8c0d2c41754ce3784d82149695dbd928c15523aab230b8206c4be5b48127cafc0467760774673ba61045e1abb52e74de2
  languageName: node
  linkType: hard

"json-stable-stringify-without-jsonify@npm:^1.0.1":
  version: 1.0.1
  resolution: "json-stable-stringify-without-jsonify@npm:1.0.1"
  checksum: fcea02bf8b7e6067bec7e4019b1e4e15a2f1c8148ad9ea5f9fbc3098efee939f93f53f475f27a44f4b8996e9990c56b39bef6ff0bdbb4243e485084f619d5399
  languageName: node
  linkType: hard

"levn@npm:^0.4.1":
  version: 0.4.1
  resolution: "levn@npm:0.4.1"
  dependencies:
    prelude-ls: "npm:^1.2.1"
    type-check: "npm:~0.4.0"
  checksum: b281df6770286ddce58d431441772b75ec04f03264af49532c330fdbe070795196538459754cb9e564e7759dbd79c2f88fab01bb3295b2a70249d1a777016cb4
  languageName: node
  linkType: hard

"locate-path@npm:^6.0.0":
  version: 6.0.0
  resolution: "locate-path@npm:6.0.0"
  dependencies:
    p-locate: "npm:^5.0.0"
  checksum: 8a665300e1e248fe80a27db16616059dfb57d7d6cd14a9893f7b66eee097f0bdffeecdc80e8565f74b253efe6c93f46fe65f2af1513883845bcf38956d35667b
  languageName: node
  linkType: hard

"lodash.merge@npm:^4.6.2":
  version: 4.6.2
  resolution: "lodash.merge@npm:4.6.2"
  checksum: aab58997bcad5ab91908498bbe8ce4b78e8e5025a944f9a8b6a1f11bd2afba4dae55c61dfdcefadadd6cd04efb0c998109e14c633f4aa1f8b4541e4d252c69ea
  languageName: node
  linkType: hard

"minimatch@npm:^3.0.5, minimatch@npm:^3.1.1, minimatch@npm:^3.1.2":
  version: 3.1.2
  resolution: "minimatch@npm:3.1.2"
  dependencies:
    brace-expansion: "npm:^1.1.7"
  checksum: 97f5615ee8f7c0019277dadef7b2b81e5c60d369cb3155cbfb9da72688aef2edb652b105353ff08a6575ae95a6189d1c09a0829b9c254f60849148457c4d8a66
  languageName: node
  linkType: hard

"ms@npm:2.1.2":
  version: 2.1.2
  resolution: "ms@npm:2.1.2"
  checksum: 3f46af60a08158f1c77746c06c2f6c7aba7feddafd41335f9baa2d7e0741d7539774aa7d5d1661a7f2b7eed55a7063771297eea016051924dbb04d4c2bf40bcb
  languageName: node
  linkType: hard

"natural-compare@npm:^1.4.0":
  version: 1.4.0
  resolution: "natural-compare@npm:1.4.0"
  checksum: cf6f4ccd700fbeaae533f0821e4de8582e340f9b0324f1e6d2486484e44a64f95acf7c7e5ef274f963934d5b74c3716c8ae58e367e112effae95d8d021158bff
  languageName: node
  linkType: hard

"once@npm:^1.3.0":
  version: 1.4.0
  resolution: "once@npm:1.4.0"
  dependencies:
    wrappy: "npm:1"
  checksum: 12d5c6ece331855387577e71c96ab5b60269390b131cf9403494206274fa520221c88f8b8d431d7227d080127730460da8907c402ab4142e592c34aacb5c9817
  languageName: node
  linkType: hard

"optionator@npm:^0.9.1":
  version: 0.9.1
  resolution: "optionator@npm:0.9.1"
  dependencies:
    deep-is: "npm:^0.1.3"
    fast-levenshtein: "npm:^2.0.6"
    levn: "npm:^0.4.1"
    prelude-ls: "npm:^1.2.1"
    type-check: "npm:^0.4.0"
    word-wrap: "npm:^1.2.3"
  checksum: bb7b06099c688d6d4bfc193f66b7aac15bfa84190f076f3f8c57821bdd0be761cbbf8972f0a904e7181aa2ca89441ca51c20f87b631690ca8d3f5bad90b7e0f1
  languageName: node
  linkType: hard

"p-limit@npm:^3.0.2":
  version: 3.1.0
  resolution: "p-limit@npm:3.1.0"
  dependencies:
    yocto-queue: "npm:^0.1.0"
  checksum: c38ea177d6bd9e8b9a8c296145bfe2aa8963f6aae5c864630a4e1728513953319ab13bc113fe00e2b632e0ec039b23daa311f79b4f7f04b0b50f2d8b994fad46
  languageName: node
  linkType: hard

"p-locate@npm:^5.0.0":
  version: 5.0.0
  resolution: "p-locate@npm:5.0.0"
  dependencies:
    p-limit: "npm:^3.0.2"
  checksum: 6f4c66cf65f6f1955de1978a612b3acb94d41663ba72cc6b60ac21b1aa6d7e3e13b2debbef0017b4339e71087c7917f8fd03b6b06db604af74e7eb55347c5206
  languageName: node
  linkType: hard

"parent-module@npm:^1.0.0":
  version: 1.0.1
  resolution: "parent-module@npm:1.0.1"
  dependencies:
    callsites: "npm:^3.0.0"
  checksum: ac26e4d08ec70f2e03c7e7b80c384fc3201576c04102ecf8cfef29051980208bd41a552802f1c46d6f3c1f0f864ce4f3cfc1f3077c19561a08df214d7b3fe3ec
  languageName: node
  linkType: hard

"path-exists@npm:^4.0.0":
  version: 4.0.0
  resolution: "path-exists@npm:4.0.0"
  checksum: 28623865ba71cdc25d2d80021407b1500d64bb74d5072f03276221b4febedbb543132f5bcc57d7fc42b32b45f4175bbae919e1810535892faa4ba9e8f2edc6dd
  languageName: node
  linkType: hard

"path-is-absolute@npm:^1.0.0":
  version: 1.0.1
  resolution: "path-is-absolute@npm:1.0.1"
  checksum: 6bb8fef4324c3f744e5d216980aa053095e1fc533d40fa47f9c1adc16be7fa52d3c4858370c7685406c32ab143a4dca0798f2e2c0f57d7937af66d8dd79267f6
  languageName: node
  linkType: hard

"path-key@npm:^3.1.0":
  version: 3.1.1
  resolution: "path-key@npm:3.1.1"
  checksum: 93ee8a32e3be43548ece14eba2620bf5164884d0cc1aa3615d136567a39e02066c9b5aeb5b6747d766af55936151c95d9371ba46d4fcf361db9691505650c001
  languageName: node
  linkType: hard

"prelude-ls@npm:^1.2.1":
  version: 1.2.1
  resolution: "prelude-ls@npm:1.2.1"
  checksum: 0fee0e2ba5dc7793340a5861d9d37ce4f3d8ec246099bfae25e1f2a928a4df1c009a91882c35862bdf245f69081160df4ed0ec2438662ae22e50b621a6b7848f
  languageName: node
  linkType: hard

"prettier@npm:^2.8.4":
  version: 2.8.4
  resolution: "prettier@npm:2.8.4"
  bin:
    prettier: bin-prettier.js
  checksum: e8a99b3a385d8d09881a64b759b9cd88e44ab7ba09832d55608fd7203efdc78f0d94773532f3bb3bbb3f579096f7011883df06a26eb61792e786ea4f5fc984f0
  languageName: node
  linkType: hard

"punycode@npm:^2.1.0":
  version: 2.3.0
  resolution: "punycode@npm:2.3.0"
  checksum: c2b408c805927a6614ef581bd3d00deca1fef9f2da0ec95cecaedf6a985d8596a29e931e31f80f7313f94257895f9ac6cf4c2ae81cdca04964daf9c3c3d221c1
  languageName: node
  linkType: hard

"queue-microtask@npm:^1.2.2":
  version: 1.2.3
  resolution: "queue-microtask@npm:1.2.3"
  checksum: 84624bee6c25c9d9776242ce0dcc3e15f703d897f4b7d982f32ef4d88c51048507a0999d9ff038ec46f65901655460b69240e414da1cebc2d723987ec81cbae8
  languageName: node
  linkType: hard

"resolve-from@npm:^4.0.0":
  version: 4.0.0
  resolution: "resolve-from@npm:4.0.0"
  checksum: bc0ec65a95fae7d644cdb0f14e010c2cbde74d0844232542912f8343a20d66fc30a7b400391a0f118a710b9bc10078a0a13d8444a555f44c00023b3220249865
  languageName: node
  linkType: hard

"reusify@npm:^1.0.4":
  version: 1.0.4
  resolution: "reusify@npm:1.0.4"
  checksum: 3d0f10293851d5a50453257bb837ad973b046fc51fa489c46f3a480e0e3a9cf249babb30a493ad5f802a71510b2ee4e65a4609a644f98b3413575ab707f841d7
  languageName: node
  linkType: hard

"rimraf@npm:^3.0.2":
  version: 3.0.2
  resolution: "rimraf@npm:3.0.2"
  dependencies:
    glob: "npm:^7.1.3"
  bin:
    rimraf: bin.js
  checksum: b786c9ad52df9fbcd9c7120e105f3150b83b39dd87d9235a93b0c7e806575e1e68936504ff64563dbe67b3f8bbbc00bdfff586157d402ee8990e7143456511c0
  languageName: node
  linkType: hard

"root@workspace:.":
  version: 0.0.0-use.local
  resolution: "root@workspace:."
  dependencies:
    eslint: "npm:^8.34.0"
    prettier: "npm:^2.8.4"
  languageName: unknown
  linkType: soft

"run-parallel@npm:^1.1.9":
  version: 1.2.0
  resolution: "run-parallel@npm:1.2.0"
  dependencies:
    queue-microtask: "npm:^1.2.2"
  checksum: 45bff4f6664ae79b8653ebd32c6e9e9e37139683f7bd1d54d5a05c409c9d167ece16c9b7e36a99ac4bb7a08b5f72b4084a1e08eba443bc6e2ca9044ef972752c
  languageName: node
  linkType: hard

"shebang-command@npm:^2.0.0":
  version: 2.0.0
  resolution: "shebang-command@npm:2.0.0"
  dependencies:
    shebang-regex: "npm:^3.0.0"
  checksum: 5907a8d5facbefbd4dc8d21778d2136d5d22d61b5526452d92d46662614f0ed57090e7adf7184fe9d2d5ef75af9f05d7573437e10b37f2e6fdeeeb5f59fd9ada
  languageName: node
  linkType: hard

"shebang-regex@npm:^3.0.0":
  version: 3.0.0
  resolution: "shebang-regex@npm:3.0.0"
  checksum: 6be1588a86ed74d05481d09a6ef6a8db44550fda9785ae08c3df06717abc2e5e9a11804b1d0ac9b0641870c5ebf545e18c8d348bc105ba09227e6a32415ea1d6
  languageName: node
  linkType: hard

"strip-ansi@npm:^6.0.1":
  version: 6.0.1
  resolution: "strip-ansi@npm:6.0.1"
  dependencies:
    ansi-regex: "npm:^5.0.1"
  checksum: 056ca08f8097351060572eee207ec66247937d7248780a3d643b5eed7d6b5ca6a0990a4f921ffd329e8e9b66427a384237892ac3cb47463adf7d040b154084ec
  languageName: node
  linkType: hard

"strip-json-comments@npm:^3.1.0, strip-json-comments@npm:^3.1.1":
  version: 3.1.1
  resolution: "strip-json-comments@npm:3.1.1"
  checksum: 20cff3f15267a8b603c4dcec9c3cc5217bcf3f1a66481a4f9ecf262eacc1733a0457756288472328d24efef7705f7755e9511f9c383742389add93d4a9207ae5
  languageName: node
  linkType: hard

"supports-color@npm:^7.1.0":
  version: 7.2.0
  resolution: "supports-color@npm:7.2.0"
  dependencies:
    has-flag: "npm:^4.0.0"
  checksum: 9218cc0d12c57f4ae213e6ace98e0cda2d8f47617300f21501a0078e17d9e3b4aa3effdc1006e369dfd5389ff4f99682b9617d4a8fb7566e2964955dd14d4cc3
  languageName: node
  linkType: hard

"text-table@npm:^0.2.0":
  version: 0.2.0
  resolution: "text-table@npm:0.2.0"
  checksum: 65e9ab9cd26946c5378cd4b8782562f47e017bad4fe8d398356380fdc762d08b177ca6a1c5c8deac14fbe974c46cd09c0cbb86560545cfa49800f3fcacb0c952
  languageName: node
  linkType: hard

"type-check@npm:^0.4.0, type-check@npm:~0.4.0":
  version: 0.4.0
  resolution: "type-check@npm:0.4.0"
  dependencies:
    prelude-ls: "npm:^1.2.1"
  checksum: 20afe001f1e32be931a04d1ae0529cf48e5e848cc89bb5a98904481916aa04fb4aa61e795cd94dad4f9b8daf7024bc97b90ac7f24885f0797c3f3c0a096bbece
  languageName: node
  linkType: hard

"type-fest@npm:^0.20.2":
  version: 0.20.2
  resolution: "type-fest@npm:0.20.2"
  checksum: 9f39d342df851a98443ee9858345a8943bb71ffbf35eee36a2716ba601e810b46294a98ee78b39376120c349d6b2631979cb91afc8be6ea41b8d04eddc55f4d5
  languageName: node
  linkType: hard

"uri-js@npm:^4.2.2":
  version: 4.4.1
  resolution: "uri-js@npm:4.4.1"
  dependencies:
    punycode: "npm:^2.1.0"
  checksum: 284fedd1b11512a77e783bfd32b320a9af1f2e39fbfabf4d65d64122344a3f55b8d37ec0c77e0045f7467b99d24bd2c067c1224d74f5c76b069753c7276d8709
  languageName: node
  linkType: hard

"which@npm:^2.0.1":
  version: 2.0.2
  resolution: "which@npm:2.0.2"
  dependencies:
    isexe: "npm:^2.0.0"
  bin:
    node-which: ./bin/node-which
  checksum: 3728616c789b289c36ba2572887145e0736f06fe3435b8fef17e27eb5ec0696f61a21e356dd7fa58486346e57186863afa1b6c27c7665f7e674c8124f7f61157
  languageName: node
  linkType: hard

"word-wrap@npm:^1.2.3":
  version: 1.2.3
  resolution: "word-wrap@npm:1.2.3"
  checksum: 17267cdb6baa9d5452b0998531adafd2df52a25159f27cbb754b2fdcff4af8808019efe4c0a2bcc5ceb63becb30df07c792c0125ad21991266aefadb940df74a
  languageName: node
  linkType: hard

"wrappy@npm:1":
  version: 1.0.2
  resolution: "wrappy@npm:1.0.2"
  checksum: 37d243a577dfeee20586eae1e3208dfb4e4cea1211a2a4116a19b50d91e619ff3dbc5ec934e28ca9baaa11a65df826c8d65c5fd1bb81f0ce0dadb469d47061c2
  languageName: node
  linkType: hard

"yocto-queue@npm:^0.1.0":
  version: 0.1.0
  resolution: "yocto-queue@npm:0.1.0"
  checksum: 63eceacd482622afd71290541a9823a0e5eed88a6b58a5d136a5fb8151ed4d1549c80f28d74d4ad351582f9890635d49e6cf70f8d3cc64948640f839f6a37c70
  languageName: node
  linkType: hard
