# This file is generated by running "yarn install" inside your project.
# Manual changes might be lost - proceed with caution!

__metadata:
  version: 8
  cacheKey: 10c0

"@docusaurus/tsconfig@npm:^3.7.0":
  version: 3.7.0
  resolution: "@docusaurus/tsconfig@npm:3.7.0"
  checksum: 10c0/22a076fa3cf6da25a76f87fbe5b37c09997f5a8729fdc1a69c0c7955dff9f9850f16dc1de8c6d5096d258a95c428fb8839b252b9dbaa648acb7de8a0e5889dea
  languageName: node
  linkType: hard

"prettier@npm:^3.5.2":
  version: 3.5.2
  resolution: "prettier@npm:3.5.2"
  bin:
    prettier: bin/prettier.cjs
  checksum: 10c0/d7b597ed33f39c32ace675896ad187f06a3e48dc8a1e80051b5c5f0dae3586d53981704b8fda5ac3b080e6c2e0e197d239131b953702674f044351621ca5e1ac
  languageName: node
  linkType: hard

"root@workspace:.":
  version: 0.0.0-use.local
  resolution: "root@workspace:."
  dependencies:
    "@docusaurus/tsconfig": "npm:^3.7.0"
    prettier: "npm:^3.5.2"
  languageName: unknown
  linkType: soft
