# This file is generated by running "yarn install" inside your project.
# Manual changes might be lost - proceed with caution!

__metadata:
  version: 8
  cacheKey: 10c0

"@docusaurus/tsconfig@npm:^3.6.3":
  version: 3.6.3
  resolution: "@docusaurus/tsconfig@npm:3.6.3"
  checksum: 10c0/0ff7af6e0fe267d22c2e1c439d887aef1668b626731b07b4053c6fb5377f0faeec74d69f30d139522f6de74ba73d4462242400564024faa7ab0076c3af83d5d9
  languageName: node
  linkType: hard

"prettier@npm:^3.4.2":
  version: 3.4.2
  resolution: "prettier@npm:3.4.2"
  bin:
    prettier: bin/prettier.cjs
  checksum: 10c0/99e076a26ed0aba4ebc043880d0f08bbb8c59a4c6641cdee6cdadf2205bdd87aa1d7823f50c3aea41e015e99878d37c58d7b5f0e663bba0ef047f94e36b96446
  languageName: node
  linkType: hard

"root@workspace:.":
  version: 0.0.0-use.local
  resolution: "root@workspace:."
  dependencies:
    "@docusaurus/tsconfig": "npm:^3.6.3"
    prettier: "npm:^3.4.2"
  languageName: unknown
  linkType: soft
