# This file is generated by running "yarn install" inside your project.
# Manual changes might be lost - proceed with caution!

__metadata:
  version: 8
  cacheKey: 10c0

"@eslint-community/eslint-utils@npm:^4.2.0":
  version: 4.5.1
  resolution: "@eslint-community/eslint-utils@npm:4.5.1"
  dependencies:
    eslint-visitor-keys: "npm:^3.4.3"
  peerDependencies:
    eslint: ^6.0.0 || ^7.0.0 || >=8.0.0
  checksum: 10c0/b520ae1b7bd04531a5c5da2021071815df4717a9f7d13720e3a5ddccf5c9c619532039830811fcbae1c2f1c9d133e63af2435ee69e0fc0fabbd6d928c6800fb2
  languageName: node
  linkType: hard

"@eslint-community/regexpp@npm:^4.12.1":
  version: 4.12.1
  resolution: "@eslint-community/regexpp@npm:4.12.1"
  checksum: 10c0/a03d98c246bcb9109aec2c08e4d10c8d010256538dcb3f56610191607214523d4fb1b00aa81df830b6dffb74c5fa0be03642513a289c567949d3e550ca11cdf6
  languageName: node
  linkType: hard

"@eslint/config-array@npm:^0.19.2":
  version: 0.19.2
  resolution: "@eslint/config-array@npm:0.19.2"
  dependencies:
    "@eslint/object-schema": "npm:^2.1.6"
    debug: "npm:^4.3.1"
    minimatch: "npm:^3.1.2"
  checksum: 10c0/dd68da9abb32d336233ac4fe0db1e15a0a8d794b6e69abb9e57545d746a97f6f542496ff9db0d7e27fab1438546250d810d90b1904ac67677215b8d8e7573f3d
  languageName: node
  linkType: hard

"@eslint/config-helpers@npm:^0.1.0":
  version: 0.1.0
  resolution: "@eslint/config-helpers@npm:0.1.0"
  checksum: 10c0/3562b5325f42740fc83b0b92b7d13a61b383f8db064915143eec36184f09a09fad73eca6c2955ab6c248b0d04fa03c140f9af2f2c4c06770781a6b79f300a01e
  languageName: node
  linkType: hard

"@eslint/core@npm:^0.12.0":
  version: 0.12.0
  resolution: "@eslint/core@npm:0.12.0"
  dependencies:
    "@types/json-schema": "npm:^7.0.15"
  checksum: 10c0/d032af81195bb28dd800c2b9617548c6c2a09b9490da3c5537fd2a1201501666d06492278bb92cfccac1f7ac249e58601dd87f813ec0d6a423ef0880434fa0c3
  languageName: node
  linkType: hard

"@eslint/eslintrc@npm:^3.3.0":
  version: 3.3.0
  resolution: "@eslint/eslintrc@npm:3.3.0"
  dependencies:
    ajv: "npm:^6.12.4"
    debug: "npm:^4.3.2"
    espree: "npm:^10.0.1"
    globals: "npm:^14.0.0"
    ignore: "npm:^5.2.0"
    import-fresh: "npm:^3.2.1"
    js-yaml: "npm:^4.1.0"
    minimatch: "npm:^3.1.2"
    strip-json-comments: "npm:^3.1.1"
  checksum: 10c0/215de990231b31e2fe6458f225d8cea0f5c781d3ecb0b7920703501f8cd21b3101fc5ef2f0d4f9a38865d36647b983e0e8ce8bf12fd2bcdd227fc48a5b1a43be
  languageName: node
  linkType: hard

"@eslint/js@npm:9.22.0, @eslint/js@npm:^9.22.0":
  version: 9.22.0
  resolution: "@eslint/js@npm:9.22.0"
  checksum: 10c0/5bcd009bb579dc6c6ed760703bdd741e08a48cd9decd677aa2cf67fe66236658cb09a00185a0369f3904e5cffba9e6e0f2ff4d9ba4fdf598fcd81d34c49213a5
  languageName: node
  linkType: hard

"@eslint/object-schema@npm:^2.1.6":
  version: 2.1.6
  resolution: "@eslint/object-schema@npm:2.1.6"
  checksum: 10c0/b8cdb7edea5bc5f6a96173f8d768d3554a628327af536da2fc6967a93b040f2557114d98dbcdbf389d5a7b290985ad6a9ce5babc547f36fc1fde42e674d11a56
  languageName: node
  linkType: hard

"@eslint/plugin-kit@npm:^0.2.7":
  version: 0.2.7
  resolution: "@eslint/plugin-kit@npm:0.2.7"
  dependencies:
    "@eslint/core": "npm:^0.12.0"
    levn: "npm:^0.4.1"
  checksum: 10c0/0a1aff1ad63e72aca923217e556c6dfd67d7cd121870eb7686355d7d1475d569773528a8b2111b9176f3d91d2ea81f7413c34600e8e5b73d59e005d70780b633
  languageName: node
  linkType: hard

"@humanfs/core@npm:^0.19.1":
  version: 0.19.1
  resolution: "@humanfs/core@npm:0.19.1"
  checksum: 10c0/aa4e0152171c07879b458d0e8a704b8c3a89a8c0541726c6b65b81e84fd8b7564b5d6c633feadc6598307d34564bd53294b533491424e8e313d7ab6c7bc5dc67
  languageName: node
  linkType: hard

"@humanfs/node@npm:^0.16.6":
  version: 0.16.6
  resolution: "@humanfs/node@npm:0.16.6"
  dependencies:
    "@humanfs/core": "npm:^0.19.1"
    "@humanwhocodes/retry": "npm:^0.3.0"
  checksum: 10c0/8356359c9f60108ec204cbd249ecd0356667359b2524886b357617c4a7c3b6aace0fd5a369f63747b926a762a88f8a25bc066fa1778508d110195ce7686243e1
  languageName: node
  linkType: hard

"@humanwhocodes/module-importer@npm:^1.0.1":
  version: 1.0.1
  resolution: "@humanwhocodes/module-importer@npm:1.0.1"
  checksum: 10c0/909b69c3b86d482c26b3359db16e46a32e0fb30bd306a3c176b8313b9e7313dba0f37f519de6aa8b0a1921349e505f259d19475e123182416a506d7f87e7f529
  languageName: node
  linkType: hard

"@humanwhocodes/retry@npm:^0.3.0":
  version: 0.3.1
  resolution: "@humanwhocodes/retry@npm:0.3.1"
  checksum: 10c0/f0da1282dfb45e8120480b9e2e275e2ac9bbe1cf016d046fdad8e27cc1285c45bb9e711681237944445157b430093412b4446c1ab3fc4bb037861b5904101d3b
  languageName: node
  linkType: hard

"@humanwhocodes/retry@npm:^0.4.2":
  version: 0.4.2
  resolution: "@humanwhocodes/retry@npm:0.4.2"
  checksum: 10c0/0235525d38f243bee3bf8b25ed395fbf957fb51c08adae52787e1325673071abe856c7e18e530922ed2dd3ce12ed82ba01b8cee0279ac52a3315fcdc3a69ef0c
  languageName: node
  linkType: hard

"@types/estree@npm:^1.0.6":
  version: 1.0.6
  resolution: "@types/estree@npm:1.0.6"
  checksum: 10c0/cdfd751f6f9065442cd40957c07fd80361c962869aa853c1c2fd03e101af8b9389d8ff4955a43a6fcfa223dd387a089937f95be0f3eec21ca527039fd2d9859a
  languageName: node
  linkType: hard

"@types/json-schema@npm:^7.0.15":
  version: 7.0.15
  resolution: "@types/json-schema@npm:7.0.15"
  checksum: 10c0/a996a745e6c5d60292f36731dd41341339d4eeed8180bb09226e5c8d23759067692b1d88e5d91d72ee83dfc00d3aca8e7bd43ea120516c17922cbcb7c3e252db
  languageName: node
  linkType: hard

"@types/k6@npm:^0.57.1":
  version: 0.57.1
  resolution: "@types/k6@npm:0.57.1"
  checksum: 10c0/4deea4f2f7c251dcf39b033001809ad174236b15ba9a59302caa69453f82d346f74209d6446b7674da7cc2ccaa5937469c2afb1a84fd1f5d9cebe0532ad21be3
  languageName: node
  linkType: hard

"acorn-jsx@npm:^5.3.2":
  version: 5.3.2
  resolution: "acorn-jsx@npm:5.3.2"
  peerDependencies:
    acorn: ^6.0.0 || ^7.0.0 || ^8.0.0
  checksum: 10c0/4c54868fbef3b8d58927d5e33f0a4de35f59012fe7b12cf9dfbb345fb8f46607709e1c4431be869a23fb63c151033d84c4198fa9f79385cec34fcb1dd53974c1
  languageName: node
  linkType: hard

"acorn@npm:^8.14.0":
  version: 8.14.1
  resolution: "acorn@npm:8.14.1"
  bin:
    acorn: bin/acorn
  checksum: 10c0/dbd36c1ed1d2fa3550140000371fcf721578095b18777b85a79df231ca093b08edc6858d75d6e48c73e431c174dcf9214edbd7e6fa5911b93bd8abfa54e47123
  languageName: node
  linkType: hard

"ajv@npm:^6.12.4":
  version: 6.12.6
  resolution: "ajv@npm:6.12.6"
  dependencies:
    fast-deep-equal: "npm:^3.1.1"
    fast-json-stable-stringify: "npm:^2.0.0"
    json-schema-traverse: "npm:^0.4.1"
    uri-js: "npm:^4.2.2"
  checksum: 10c0/41e23642cbe545889245b9d2a45854ebba51cda6c778ebced9649420d9205f2efb39cb43dbc41e358409223b1ea43303ae4839db682c848b891e4811da1a5a71
  languageName: node
  linkType: hard

"ansi-styles@npm:^4.1.0":
  version: 4.3.0
  resolution: "ansi-styles@npm:4.3.0"
  dependencies:
    color-convert: "npm:^2.0.1"
  checksum: 10c0/895a23929da416f2bd3de7e9cb4eabd340949328ab85ddd6e484a637d8f6820d485f53933446f5291c3b760cbc488beb8e88573dd0f9c7daf83dccc8fe81b041
  languageName: node
  linkType: hard

"argparse@npm:^2.0.1":
  version: 2.0.1
  resolution: "argparse@npm:2.0.1"
  checksum: 10c0/c5640c2d89045371c7cedd6a70212a04e360fd34d6edeae32f6952c63949e3525ea77dbec0289d8213a99bbaeab5abfa860b5c12cf88a2e6cf8106e90dd27a7e
  languageName: node
  linkType: hard

"balanced-match@npm:^1.0.0":
  version: 1.0.2
  resolution: "balanced-match@npm:1.0.2"
  checksum: 10c0/9308baf0a7e4838a82bbfd11e01b1cb0f0cf2893bc1676c27c2a8c0e70cbae1c59120c3268517a8ae7fb6376b4639ef81ca22582611dbee4ed28df945134aaee
  languageName: node
  linkType: hard

"brace-expansion@npm:^1.1.7":
  version: 1.1.11
  resolution: "brace-expansion@npm:1.1.11"
  dependencies:
    balanced-match: "npm:^1.0.0"
    concat-map: "npm:0.0.1"
  checksum: 10c0/695a56cd058096a7cb71fb09d9d6a7070113c7be516699ed361317aca2ec169f618e28b8af352e02ab4233fb54eb0168460a40dc320bab0034b36ab59aaad668
  languageName: node
  linkType: hard

"callsites@npm:^3.0.0":
  version: 3.1.0
  resolution: "callsites@npm:3.1.0"
  checksum: 10c0/fff92277400eb06c3079f9e74f3af120db9f8ea03bad0e84d9aede54bbe2d44a56cccb5f6cf12211f93f52306df87077ecec5b712794c5a9b5dac6d615a3f301
  languageName: node
  linkType: hard

"chalk@npm:^4.0.0":
  version: 4.1.2
  resolution: "chalk@npm:4.1.2"
  dependencies:
    ansi-styles: "npm:^4.1.0"
    supports-color: "npm:^7.1.0"
  checksum: 10c0/4a3fef5cc34975c898ffe77141450f679721df9dde00f6c304353fa9c8b571929123b26a0e4617bde5018977eb655b31970c297b91b63ee83bb82aeb04666880
  languageName: node
  linkType: hard

"color-convert@npm:^2.0.1":
  version: 2.0.1
  resolution: "color-convert@npm:2.0.1"
  dependencies:
    color-name: "npm:~1.1.4"
  checksum: 10c0/37e1150172f2e311fe1b2df62c6293a342ee7380da7b9cfdba67ea539909afbd74da27033208d01d6d5cfc65ee7868a22e18d7e7648e004425441c0f8a15a7d7
  languageName: node
  linkType: hard

"color-name@npm:~1.1.4":
  version: 1.1.4
  resolution: "color-name@npm:1.1.4"
  checksum: 10c0/a1a3f914156960902f46f7f56bc62effc6c94e84b2cae157a526b1c1f74b677a47ec602bf68a61abfa2b42d15b7c5651c6dbe72a43af720bc588dff885b10f95
  languageName: node
  linkType: hard

"concat-map@npm:0.0.1":
  version: 0.0.1
  resolution: "concat-map@npm:0.0.1"
  checksum: 10c0/c996b1cfdf95b6c90fee4dae37e332c8b6eb7d106430c17d538034c0ad9a1630cb194d2ab37293b1bdd4d779494beee7786d586a50bd9376fd6f7bcc2bd4c98f
  languageName: node
  linkType: hard

"cross-spawn@npm:^7.0.6":
  version: 7.0.6
  resolution: "cross-spawn@npm:7.0.6"
  dependencies:
    path-key: "npm:^3.1.0"
    shebang-command: "npm:^2.0.0"
    which: "npm:^2.0.1"
  checksum: 10c0/053ea8b2135caff68a9e81470e845613e374e7309a47731e81639de3eaeb90c3d01af0e0b44d2ab9d50b43467223b88567dfeb3262db942dc063b9976718ffc1
  languageName: node
  linkType: hard

"debug@npm:^4.3.1, debug@npm:^4.3.2":
  version: 4.4.0
  resolution: "debug@npm:4.4.0"
  dependencies:
    ms: "npm:^2.1.3"
  peerDependenciesMeta:
    supports-color:
      optional: true
  checksum: 10c0/db94f1a182bf886f57b4755f85b3a74c39b5114b9377b7ab375dc2cfa3454f09490cc6c30f829df3fc8042bc8b8995f6567ce5cd96f3bc3688bd24027197d9de
  languageName: node
  linkType: hard

"deep-is@npm:^0.1.3":
  version: 0.1.4
  resolution: "deep-is@npm:0.1.4"
  checksum: 10c0/7f0ee496e0dff14a573dc6127f14c95061b448b87b995fc96c017ce0a1e66af1675e73f1d6064407975bc4ea6ab679497a29fff7b5b9c4e99cb10797c1ad0b4c
  languageName: node
  linkType: hard

"escape-string-regexp@npm:^4.0.0":
  version: 4.0.0
  resolution: "escape-string-regexp@npm:4.0.0"
  checksum: 10c0/9497d4dd307d845bd7f75180d8188bb17ea8c151c1edbf6b6717c100e104d629dc2dfb687686181b0f4b7d732c7dfdc4d5e7a8ff72de1b0ca283a75bbb3a9cd9
  languageName: node
  linkType: hard

"eslint-scope@npm:^8.3.0":
  version: 8.3.0
  resolution: "eslint-scope@npm:8.3.0"
  dependencies:
    esrecurse: "npm:^4.3.0"
    estraverse: "npm:^5.2.0"
  checksum: 10c0/23bf54345573201fdf06d29efa345ab508b355492f6c6cc9e2b9f6d02b896f369b6dd5315205be94b8853809776c4d13353b85c6b531997b164ff6c3328ecf5b
  languageName: node
  linkType: hard

"eslint-visitor-keys@npm:^3.4.3":
  version: 3.4.3
  resolution: "eslint-visitor-keys@npm:3.4.3"
  checksum: 10c0/92708e882c0a5ffd88c23c0b404ac1628cf20104a108c745f240a13c332a11aac54f49a22d5762efbffc18ecbc9a580d1b7ad034bf5f3cc3307e5cbff2ec9820
  languageName: node
  linkType: hard

"eslint-visitor-keys@npm:^4.2.0":
  version: 4.2.0
  resolution: "eslint-visitor-keys@npm:4.2.0"
  checksum: 10c0/2ed81c663b147ca6f578312919483eb040295bbab759e5a371953456c636c5b49a559883e2677112453728d66293c0a4c90ab11cab3428cf02a0236d2e738269
  languageName: node
  linkType: hard

"eslint@npm:^9.22.0":
  version: 9.22.0
  resolution: "eslint@npm:9.22.0"
  dependencies:
    "@eslint-community/eslint-utils": "npm:^4.2.0"
    "@eslint-community/regexpp": "npm:^4.12.1"
    "@eslint/config-array": "npm:^0.19.2"
    "@eslint/config-helpers": "npm:^0.1.0"
    "@eslint/core": "npm:^0.12.0"
    "@eslint/eslintrc": "npm:^3.3.0"
    "@eslint/js": "npm:9.22.0"
    "@eslint/plugin-kit": "npm:^0.2.7"
    "@humanfs/node": "npm:^0.16.6"
    "@humanwhocodes/module-importer": "npm:^1.0.1"
    "@humanwhocodes/retry": "npm:^0.4.2"
    "@types/estree": "npm:^1.0.6"
    "@types/json-schema": "npm:^7.0.15"
    ajv: "npm:^6.12.4"
    chalk: "npm:^4.0.0"
    cross-spawn: "npm:^7.0.6"
    debug: "npm:^4.3.2"
    escape-string-regexp: "npm:^4.0.0"
    eslint-scope: "npm:^8.3.0"
    eslint-visitor-keys: "npm:^4.2.0"
    espree: "npm:^10.3.0"
    esquery: "npm:^1.5.0"
    esutils: "npm:^2.0.2"
    fast-deep-equal: "npm:^3.1.3"
    file-entry-cache: "npm:^8.0.0"
    find-up: "npm:^5.0.0"
    glob-parent: "npm:^6.0.2"
    ignore: "npm:^5.2.0"
    imurmurhash: "npm:^0.1.4"
    is-glob: "npm:^4.0.0"
    json-stable-stringify-without-jsonify: "npm:^1.0.1"
    lodash.merge: "npm:^4.6.2"
    minimatch: "npm:^3.1.2"
    natural-compare: "npm:^1.4.0"
    optionator: "npm:^0.9.3"
  peerDependencies:
    jiti: "*"
  peerDependenciesMeta:
    jiti:
      optional: true
  bin:
    eslint: bin/eslint.js
  checksum: 10c0/7b5ab6f2365971c16efe97349565f75d8343347562fb23f12734c6ab2cd5e35301373a0d51e194789ddcfdfca21db7b62ff481b03d524b8169896c305b65ff48
  languageName: node
  linkType: hard

"espree@npm:^10.0.1, espree@npm:^10.3.0":
  version: 10.3.0
  resolution: "espree@npm:10.3.0"
  dependencies:
    acorn: "npm:^8.14.0"
    acorn-jsx: "npm:^5.3.2"
    eslint-visitor-keys: "npm:^4.2.0"
  checksum: 10c0/272beeaca70d0a1a047d61baff64db04664a33d7cfb5d144f84bc8a5c6194c6c8ebe9cc594093ca53add88baa23e59b01e69e8a0160ab32eac570482e165c462
  languageName: node
  linkType: hard

"esquery@npm:^1.5.0":
  version: 1.6.0
  resolution: "esquery@npm:1.6.0"
  dependencies:
    estraverse: "npm:^5.1.0"
  checksum: 10c0/cb9065ec605f9da7a76ca6dadb0619dfb611e37a81e318732977d90fab50a256b95fee2d925fba7c2f3f0523aa16f91587246693bc09bc34d5a59575fe6e93d2
  languageName: node
  linkType: hard

"esrecurse@npm:^4.3.0":
  version: 4.3.0
  resolution: "esrecurse@npm:4.3.0"
  dependencies:
    estraverse: "npm:^5.2.0"
  checksum: 10c0/81a37116d1408ded88ada45b9fb16dbd26fba3aadc369ce50fcaf82a0bac12772ebd7b24cd7b91fc66786bf2c1ac7b5f196bc990a473efff972f5cb338877cf5
  languageName: node
  linkType: hard

"estraverse@npm:^5.1.0, estraverse@npm:^5.2.0":
  version: 5.3.0
  resolution: "estraverse@npm:5.3.0"
  checksum: 10c0/1ff9447b96263dec95d6d67431c5e0771eb9776427421260a3e2f0fdd5d6bd4f8e37a7338f5ad2880c9f143450c9b1e4fc2069060724570a49cf9cf0312bd107
  languageName: node
  linkType: hard

"esutils@npm:^2.0.2":
  version: 2.0.3
  resolution: "esutils@npm:2.0.3"
  checksum: 10c0/9a2fe69a41bfdade834ba7c42de4723c97ec776e40656919c62cbd13607c45e127a003f05f724a1ea55e5029a4cf2de444b13009f2af71271e42d93a637137c7
  languageName: node
  linkType: hard

"fast-deep-equal@npm:^3.1.1, fast-deep-equal@npm:^3.1.3":
  version: 3.1.3
  resolution: "fast-deep-equal@npm:3.1.3"
  checksum: 10c0/40dedc862eb8992c54579c66d914635afbec43350afbbe991235fdcb4e3a8d5af1b23ae7e79bef7d4882d0ecee06c3197488026998fb19f72dc95acff1d1b1d0
  languageName: node
  linkType: hard

"fast-json-stable-stringify@npm:^2.0.0":
  version: 2.1.0
  resolution: "fast-json-stable-stringify@npm:2.1.0"
  checksum: 10c0/7f081eb0b8a64e0057b3bb03f974b3ef00135fbf36c1c710895cd9300f13c94ba809bb3a81cf4e1b03f6e5285610a61abbd7602d0652de423144dfee5a389c9b
  languageName: node
  linkType: hard

"fast-levenshtein@npm:^2.0.6":
  version: 2.0.6
  resolution: "fast-levenshtein@npm:2.0.6"
  checksum: 10c0/111972b37338bcb88f7d9e2c5907862c280ebf4234433b95bc611e518d192ccb2d38119c4ac86e26b668d75f7f3894f4ff5c4982899afced7ca78633b08287c4
  languageName: node
  linkType: hard

"file-entry-cache@npm:^8.0.0":
  version: 8.0.0
  resolution: "file-entry-cache@npm:8.0.0"
  dependencies:
    flat-cache: "npm:^4.0.0"
  checksum: 10c0/9e2b5938b1cd9b6d7e3612bdc533afd4ac17b2fc646569e9a8abbf2eb48e5eb8e316bc38815a3ef6a1b456f4107f0d0f055a614ca613e75db6bf9ff4d72c1638
  languageName: node
  linkType: hard

"find-up@npm:^5.0.0":
  version: 5.0.0
  resolution: "find-up@npm:5.0.0"
  dependencies:
    locate-path: "npm:^6.0.0"
    path-exists: "npm:^4.0.0"
  checksum: 10c0/062c5a83a9c02f53cdd6d175a37ecf8f87ea5bbff1fdfb828f04bfa021441bc7583e8ebc0872a4c1baab96221fb8a8a275a19809fb93fbc40bd69ec35634069a
  languageName: node
  linkType: hard

"flat-cache@npm:^4.0.0":
  version: 4.0.1
  resolution: "flat-cache@npm:4.0.1"
  dependencies:
    flatted: "npm:^3.2.9"
    keyv: "npm:^4.5.4"
  checksum: 10c0/2c59d93e9faa2523e4fda6b4ada749bed432cfa28c8e251f33b25795e426a1c6dbada777afb1f74fcfff33934fdbdea921ee738fcc33e71adc9d6eca984a1cfc
  languageName: node
  linkType: hard

"flatted@npm:^3.2.9":
  version: 3.3.3
  resolution: "flatted@npm:3.3.3"
  checksum: 10c0/e957a1c6b0254aa15b8cce8533e24165abd98fadc98575db082b786b5da1b7d72062b81bfdcd1da2f4d46b6ed93bec2434e62333e9b4261d79ef2e75a10dd538
  languageName: node
  linkType: hard

"glob-parent@npm:^6.0.2":
  version: 6.0.2
  resolution: "glob-parent@npm:6.0.2"
  dependencies:
    is-glob: "npm:^4.0.3"
  checksum: 10c0/317034d88654730230b3f43bb7ad4f7c90257a426e872ea0bf157473ac61c99bf5d205fad8f0185f989be8d2fa6d3c7dce1645d99d545b6ea9089c39f838e7f8
  languageName: node
  linkType: hard

"globals@npm:^14.0.0":
  version: 14.0.0
  resolution: "globals@npm:14.0.0"
  checksum: 10c0/b96ff42620c9231ad468d4c58ff42afee7777ee1c963013ff8aabe095a451d0ceeb8dcd8ef4cbd64d2538cef45f787a78ba3a9574f4a634438963e334471302d
  languageName: node
  linkType: hard

"globals@npm:^16.0.0":
  version: 16.0.0
  resolution: "globals@npm:16.0.0"
  checksum: 10c0/8906d5f01838df64a81d6c2a7b7214312e2216cf65c5ed1546dc9a7d0febddf55ffa906cf04efd5b01eec2534d6f14859a89535d1a68241832810e41ef3fd5bb
  languageName: node
  linkType: hard

"has-flag@npm:^4.0.0":
  version: 4.0.0
  resolution: "has-flag@npm:4.0.0"
  checksum: 10c0/2e789c61b7888d66993e14e8331449e525ef42aac53c627cc53d1c3334e768bcb6abdc4f5f0de1478a25beec6f0bd62c7549058b7ac53e924040d4f301f02fd1
  languageName: node
  linkType: hard

"ignore@npm:^5.2.0":
  version: 5.3.2
  resolution: "ignore@npm:5.3.2"
  checksum: 10c0/f9f652c957983634ded1e7f02da3b559a0d4cc210fca3792cb67f1b153623c9c42efdc1c4121af171e295444459fc4a9201101fb041b1104a3c000bccb188337
  languageName: node
  linkType: hard

"import-fresh@npm:^3.2.1":
  version: 3.3.1
  resolution: "import-fresh@npm:3.3.1"
  dependencies:
    parent-module: "npm:^1.0.0"
    resolve-from: "npm:^4.0.0"
  checksum: 10c0/bf8cc494872fef783249709385ae883b447e3eb09db0ebd15dcead7d9afe7224dad7bd7591c6b73b0b19b3c0f9640eb8ee884f01cfaf2887ab995b0b36a0cbec
  languageName: node
  linkType: hard

"imurmurhash@npm:^0.1.4":
  version: 0.1.4
  resolution: "imurmurhash@npm:0.1.4"
  checksum: 10c0/8b51313850dd33605c6c9d3fd9638b714f4c4c40250cff658209f30d40da60f78992fb2df5dabee4acf589a6a82bbc79ad5486550754bd9ec4e3fc0d4a57d6a6
  languageName: node
  linkType: hard

"is-extglob@npm:^2.1.1":
  version: 2.1.1
  resolution: "is-extglob@npm:2.1.1"
  checksum: 10c0/5487da35691fbc339700bbb2730430b07777a3c21b9ebaecb3072512dfd7b4ba78ac2381a87e8d78d20ea08affb3f1971b4af629173a6bf435ff8a4c47747912
  languageName: node
  linkType: hard

"is-glob@npm:^4.0.0, is-glob@npm:^4.0.3":
  version: 4.0.3
  resolution: "is-glob@npm:4.0.3"
  dependencies:
    is-extglob: "npm:^2.1.1"
  checksum: 10c0/17fb4014e22be3bbecea9b2e3a76e9e34ff645466be702f1693e8f1ee1adac84710d0be0bd9f967d6354036fd51ab7c2741d954d6e91dae6bb69714de92c197a
  languageName: node
  linkType: hard

"isexe@npm:^2.0.0":
  version: 2.0.0
  resolution: "isexe@npm:2.0.0"
  checksum: 10c0/228cfa503fadc2c31596ab06ed6aa82c9976eec2bfd83397e7eaf06d0ccf42cd1dfd6743bf9aeb01aebd4156d009994c5f76ea898d2832c1fe342da923ca457d
  languageName: node
  linkType: hard

"js-yaml@npm:^4.1.0":
  version: 4.1.0
  resolution: "js-yaml@npm:4.1.0"
  dependencies:
    argparse: "npm:^2.0.1"
  bin:
    js-yaml: bin/js-yaml.js
  checksum: 10c0/184a24b4eaacfce40ad9074c64fd42ac83cf74d8c8cd137718d456ced75051229e5061b8633c3366b8aada17945a7a356b337828c19da92b51ae62126575018f
  languageName: node
  linkType: hard

"json-buffer@npm:3.0.1":
  version: 3.0.1
  resolution: "json-buffer@npm:3.0.1"
  checksum: 10c0/0d1c91569d9588e7eef2b49b59851f297f3ab93c7b35c7c221e288099322be6b562767d11e4821da500f3219542b9afd2e54c5dc573107c1126ed1080f8e96d7
  languageName: node
  linkType: hard

"json-schema-traverse@npm:^0.4.1":
  version: 0.4.1
  resolution: "json-schema-traverse@npm:0.4.1"
  checksum: 10c0/108fa90d4cc6f08243aedc6da16c408daf81793bf903e9fd5ab21983cda433d5d2da49e40711da016289465ec2e62e0324dcdfbc06275a607fe3233fde4942ce
  languageName: node
  linkType: hard

"json-stable-stringify-without-jsonify@npm:^1.0.1":
  version: 1.0.1
  resolution: "json-stable-stringify-without-jsonify@npm:1.0.1"
  checksum: 10c0/cb168b61fd4de83e58d09aaa6425ef71001bae30d260e2c57e7d09a5fd82223e2f22a042dedaab8db23b7d9ae46854b08bb1f91675a8be11c5cffebef5fb66a5
  languageName: node
  linkType: hard

"k6-forest@workspace:.":
  version: 0.0.0-use.local
  resolution: "k6-forest@workspace:."
  dependencies:
    "@eslint/js": "npm:^9.22.0"
    "@types/k6": "npm:^0.57.1"
    eslint: "npm:^9.22.0"
    globals: "npm:^16.0.0"
    prettier: "npm:^3.5.3"
  languageName: unknown
  linkType: soft

"keyv@npm:^4.5.4":
  version: 4.5.4
  resolution: "keyv@npm:4.5.4"
  dependencies:
    json-buffer: "npm:3.0.1"
  checksum: 10c0/aa52f3c5e18e16bb6324876bb8b59dd02acf782a4b789c7b2ae21107fab95fab3890ed448d4f8dba80ce05391eeac4bfabb4f02a20221342982f806fa2cf271e
  languageName: node
  linkType: hard

"levn@npm:^0.4.1":
  version: 0.4.1
  resolution: "levn@npm:0.4.1"
  dependencies:
    prelude-ls: "npm:^1.2.1"
    type-check: "npm:~0.4.0"
  checksum: 10c0/effb03cad7c89dfa5bd4f6989364bfc79994c2042ec5966cb9b95990e2edee5cd8969ddf42616a0373ac49fac1403437deaf6e9050fbbaa3546093a59b9ac94e
  languageName: node
  linkType: hard

"locate-path@npm:^6.0.0":
  version: 6.0.0
  resolution: "locate-path@npm:6.0.0"
  dependencies:
    p-locate: "npm:^5.0.0"
  checksum: 10c0/d3972ab70dfe58ce620e64265f90162d247e87159b6126b01314dd67be43d50e96a50b517bce2d9452a79409c7614054c277b5232377de50416564a77ac7aad3
  languageName: node
  linkType: hard

"lodash.merge@npm:^4.6.2":
  version: 4.6.2
  resolution: "lodash.merge@npm:4.6.2"
  checksum: 10c0/402fa16a1edd7538de5b5903a90228aa48eb5533986ba7fa26606a49db2572bf414ff73a2c9f5d5fd36b31c46a5d5c7e1527749c07cbcf965ccff5fbdf32c506
  languageName: node
  linkType: hard

"minimatch@npm:^3.1.2":
  version: 3.1.2
  resolution: "minimatch@npm:3.1.2"
  dependencies:
    brace-expansion: "npm:^1.1.7"
  checksum: 10c0/0262810a8fc2e72cca45d6fd86bd349eee435eb95ac6aa45c9ea2180e7ee875ef44c32b55b5973ceabe95ea12682f6e3725cbb63d7a2d1da3ae1163c8b210311
  languageName: node
  linkType: hard

"ms@npm:^2.1.3":
  version: 2.1.3
  resolution: "ms@npm:2.1.3"
  checksum: 10c0/d924b57e7312b3b63ad21fc5b3dc0af5e78d61a1fc7cfb5457edaf26326bf62be5307cc87ffb6862ef1c2b33b0233cdb5d4f01c4c958cc0d660948b65a287a48
  languageName: node
  linkType: hard

"natural-compare@npm:^1.4.0":
  version: 1.4.0
  resolution: "natural-compare@npm:1.4.0"
  checksum: 10c0/f5f9a7974bfb28a91afafa254b197f0f22c684d4a1731763dda960d2c8e375b36c7d690e0d9dc8fba774c537af14a7e979129bca23d88d052fbeb9466955e447
  languageName: node
  linkType: hard

"optionator@npm:^0.9.3":
  version: 0.9.4
  resolution: "optionator@npm:0.9.4"
  dependencies:
    deep-is: "npm:^0.1.3"
    fast-levenshtein: "npm:^2.0.6"
    levn: "npm:^0.4.1"
    prelude-ls: "npm:^1.2.1"
    type-check: "npm:^0.4.0"
    word-wrap: "npm:^1.2.5"
  checksum: 10c0/4afb687a059ee65b61df74dfe87d8d6815cd6883cb8b3d5883a910df72d0f5d029821f37025e4bccf4048873dbdb09acc6d303d27b8f76b1a80dd5a7d5334675
  languageName: node
  linkType: hard

"p-limit@npm:^3.0.2":
  version: 3.1.0
  resolution: "p-limit@npm:3.1.0"
  dependencies:
    yocto-queue: "npm:^0.1.0"
  checksum: 10c0/9db675949dbdc9c3763c89e748d0ef8bdad0afbb24d49ceaf4c46c02c77d30db4e0652ed36d0a0a7a95154335fab810d95c86153105bb73b3a90448e2bb14e1a
  languageName: node
  linkType: hard

"p-locate@npm:^5.0.0":
  version: 5.0.0
  resolution: "p-locate@npm:5.0.0"
  dependencies:
    p-limit: "npm:^3.0.2"
  checksum: 10c0/2290d627ab7903b8b70d11d384fee714b797f6040d9278932754a6860845c4d3190603a0772a663c8cb5a7b21d1b16acb3a6487ebcafa9773094edc3dfe6009a
  languageName: node
  linkType: hard

"parent-module@npm:^1.0.0":
  version: 1.0.1
  resolution: "parent-module@npm:1.0.1"
  dependencies:
    callsites: "npm:^3.0.0"
  checksum: 10c0/c63d6e80000d4babd11978e0d3fee386ca7752a02b035fd2435960ffaa7219dc42146f07069fb65e6e8bf1caef89daf9af7535a39bddf354d78bf50d8294f556
  languageName: node
  linkType: hard

"path-exists@npm:^4.0.0":
  version: 4.0.0
  resolution: "path-exists@npm:4.0.0"
  checksum: 10c0/8c0bd3f5238188197dc78dced15207a4716c51cc4e3624c44fc97acf69558f5ebb9a2afff486fe1b4ee148e0c133e96c5e11a9aa5c48a3006e3467da070e5e1b
  languageName: node
  linkType: hard

"path-key@npm:^3.1.0":
  version: 3.1.1
  resolution: "path-key@npm:3.1.1"
  checksum: 10c0/748c43efd5a569c039d7a00a03b58eecd1d75f3999f5a28303d75f521288df4823bc057d8784eb72358b2895a05f29a070bc9f1f17d28226cc4e62494cc58c4c
  languageName: node
  linkType: hard

"prelude-ls@npm:^1.2.1":
  version: 1.2.1
  resolution: "prelude-ls@npm:1.2.1"
  checksum: 10c0/b00d617431e7886c520a6f498a2e14c75ec58f6d93ba48c3b639cf241b54232d90daa05d83a9e9b9fef6baa63cb7e1e4602c2372fea5bc169668401eb127d0cd
  languageName: node
  linkType: hard

"prettier@npm:^3.5.3":
  version: 3.5.3
  resolution: "prettier@npm:3.5.3"
  bin:
    prettier: bin/prettier.cjs
  checksum: 10c0/3880cb90b9dc0635819ab52ff571518c35bd7f15a6e80a2054c05dbc8a3aa6e74f135519e91197de63705bcb38388ded7e7230e2178432a1468005406238b877
  languageName: node
  linkType: hard

"punycode@npm:^2.1.0":
  version: 2.3.1
  resolution: "punycode@npm:2.3.1"
  checksum: 10c0/14f76a8206bc3464f794fb2e3d3cc665ae416c01893ad7a02b23766eb07159144ee612ad67af5e84fa4479ccfe67678c4feb126b0485651b302babf66f04f9e9
  languageName: node
  linkType: hard

"resolve-from@npm:^4.0.0":
  version: 4.0.0
  resolution: "resolve-from@npm:4.0.0"
  checksum: 10c0/8408eec31a3112ef96e3746c37be7d64020cda07c03a920f5024e77290a218ea758b26ca9529fd7b1ad283947f34b2291c1c0f6aa0ed34acfdda9c6014c8d190
  languageName: node
  linkType: hard

"shebang-command@npm:^2.0.0":
  version: 2.0.0
  resolution: "shebang-command@npm:2.0.0"
  dependencies:
    shebang-regex: "npm:^3.0.0"
  checksum: 10c0/a41692e7d89a553ef21d324a5cceb5f686d1f3c040759c50aab69688634688c5c327f26f3ecf7001ebfd78c01f3c7c0a11a7c8bfd0a8bc9f6240d4f40b224e4e
  languageName: node
  linkType: hard

"shebang-regex@npm:^3.0.0":
  version: 3.0.0
  resolution: "shebang-regex@npm:3.0.0"
  checksum: 10c0/1dbed0726dd0e1152a92696c76c7f06084eb32a90f0528d11acd764043aacf76994b2fb30aa1291a21bd019d6699164d048286309a278855ee7bec06cf6fb690
  languageName: node
  linkType: hard

"strip-json-comments@npm:^3.1.1":
  version: 3.1.1
  resolution: "strip-json-comments@npm:3.1.1"
  checksum: 10c0/9681a6257b925a7fa0f285851c0e613cc934a50661fa7bb41ca9cbbff89686bb4a0ee366e6ecedc4daafd01e83eee0720111ab294366fe7c185e935475ebcecd
  languageName: node
  linkType: hard

"supports-color@npm:^7.1.0":
  version: 7.2.0
  resolution: "supports-color@npm:7.2.0"
  dependencies:
    has-flag: "npm:^4.0.0"
  checksum: 10c0/afb4c88521b8b136b5f5f95160c98dee7243dc79d5432db7efc27efb219385bbc7d9427398e43dd6cc730a0f87d5085ce1652af7efbe391327bc0a7d0f7fc124
  languageName: node
  linkType: hard

"type-check@npm:^0.4.0, type-check@npm:~0.4.0":
  version: 0.4.0
  resolution: "type-check@npm:0.4.0"
  dependencies:
    prelude-ls: "npm:^1.2.1"
  checksum: 10c0/7b3fd0ed43891e2080bf0c5c504b418fbb3e5c7b9708d3d015037ba2e6323a28152ec163bcb65212741fa5d2022e3075ac3c76440dbd344c9035f818e8ecee58
  languageName: node
  linkType: hard

"uri-js@npm:^4.2.2":
  version: 4.4.1
  resolution: "uri-js@npm:4.4.1"
  dependencies:
    punycode: "npm:^2.1.0"
  checksum: 10c0/4ef57b45aa820d7ac6496e9208559986c665e49447cb072744c13b66925a362d96dd5a46c4530a6b8e203e5db5fe849369444440cb22ecfc26c679359e5dfa3c
  languageName: node
  linkType: hard

"which@npm:^2.0.1":
  version: 2.0.2
  resolution: "which@npm:2.0.2"
  dependencies:
    isexe: "npm:^2.0.0"
  bin:
    node-which: ./bin/node-which
  checksum: 10c0/66522872a768b60c2a65a57e8ad184e5372f5b6a9ca6d5f033d4b0dc98aff63995655a7503b9c0a2598936f532120e81dd8cc155e2e92ed662a2b9377cc4374f
  languageName: node
  linkType: hard

"word-wrap@npm:^1.2.5":
  version: 1.2.5
  resolution: "word-wrap@npm:1.2.5"
  checksum: 10c0/e0e4a1ca27599c92a6ca4c32260e8a92e8a44f4ef6ef93f803f8ed823f486e0889fc0b93be4db59c8d51b3064951d25e43d434e95dc8c960cc3a63d65d00ba20
  languageName: node
  linkType: hard

"yocto-queue@npm:^0.1.0":
  version: 0.1.0
  resolution: "yocto-queue@npm:0.1.0"
  checksum: 10c0/dceb44c28578b31641e13695d200d34ec4ab3966a5729814d5445b194933c096b7ced71494ce53a0e8820685d1d010df8b2422e5bf2cdea7e469d97ffbea306f
  languageName: node
  linkType: hard
